
Microsoft Visual Studio Solution File, Format Version 12.00
Project("{FAE04EC0-301F-11D3-BF4B-00C04F79EFBC}") = "CafeLab.API", "CafeLab.API\CafeLab.API.csproj", "{F206CDCE-986C-4C4A-9057-5AA600077841}"
EndProject
Global
	GlobalSection(SolutionConfigurationPlatforms) = preSolution
		Debug|Any CPU = Debug|Any CPU
		Release|Any CPU = Release|Any CPU
	EndGlobalSection
	GlobalSection(ProjectConfigurationPlatforms) = postSolution
		{F206CDCE-986C-4C4A-9057-5AA600077841}.Debug|Any CPU.ActiveCfg = Debug|Any CPU
		{F206CDCE-986C-4C4A-9057-5AA600077841}.Debug|Any CPU.Build.0 = Debug|Any CPU
		{F206CDCE-986C-4C4A-9057-5AA600077841}.Release|Any CPU.ActiveCfg = Release|Any CPU
		{F206CDCE-986C-4C4A-9057-5AA600077841}.Release|Any CPU.Build.0 = Release|Any CPU
	EndGlobalSection
EndGlobal
